
Microsoft Visual Studio Solution File, Format Version 12.00
# Visual Studio 15
VisualStudioVersion = 15.0.27130.2024
MinimumVisualStudioVersion = 10.0.40219.1
Project("{FAE04EC0-301F-11D3-BF4B-00C04F79EFBC}") = "PersonApi", "PersonApi\PersonApi.csproj", "{F1BE6AA8-FF03-427A-AF8C-E7F821E06072}"
EndProject
Project("{E53339B2-1760-4266-BCC7-CA923CBCF16C}") = "docker-compose", "docker-compose.dcproj", "{EA4A9D2C-6086-446E-9F28-77E1F61B64BF}"
EndProject
Global
	GlobalSection(SolutionConfigurationPlatforms) = preSolution
		Debug|Any CPU = Debug|Any CPU
		Release|Any CPU = Release|Any CPU
	EndGlobalSection
	GlobalSection(ProjectConfigurationPlatforms) = postSolution
		{F1BE6AA8-FF03-427A-AF8C-E7F821E06072}.Debug|Any CPU.ActiveCfg = Debug|Any CPU
		{F1BE6AA8-FF03-427A-AF8C-E7F821E06072}.Debug|Any CPU.Build.0 = Debug|Any CPU
		{F1BE6AA8-FF03-427A-AF8C-E7F821E06072}.Release|Any CPU.ActiveCfg = Release|Any CPU
		{F1BE6AA8-FF03-427A-AF8C-E7F821E06072}.Release|Any CPU.Build.0 = Release|Any CPU
		{EA4A9D2C-6086-446E-9F28-77E1F61B64BF}.Debug|Any CPU.ActiveCfg = Debug|Any CPU
		{EA4A9D2C-6086-446E-9F28-77E1F61B64BF}.Debug|Any CPU.Build.0 = Debug|Any CPU
		{EA4A9D2C-6086-446E-9F28-77E1F61B64BF}.Release|Any CPU.ActiveCfg = Release|Any CPU
		{EA4A9D2C-6086-446E-9F28-77E1F61B64BF}.Release|Any CPU.Build.0 = Release|Any CPU
	EndGlobalSection
	GlobalSection(SolutionProperties) = preSolution
		HideSolutionNode = FALSE
	EndGlobalSection
	GlobalSection(ExtensibilityGlobals) = postSolution
		SolutionGuid = {30F082FD-5A6A-46B0-97EF-0DFB33B46037}
	EndGlobalSection
EndGlobal
